// !$*UTF8*$!
{
	archiveVersion = 1;
	classes = {
	};
	objectVersion = 46;
	objects = {

/* Begin PBXBuildFile section */
		33108DF21A61EC8500E80745 /* Game.cpp in Sources */ = {isa = PBXBuildFile; fileRef = 33108DF01A61EC8500E80745 /* Game.cpp */; };
		33108DF51A61ED0200E80745 /* stdafx.cpp in Sources */ = {isa = PBXBuildFile; fileRef = 33108DF31A61ED0200E80745 /* stdafx.cpp */; };
		33108DF81A61F03A00E80745 /* SplashScreen.cpp in Sources */ = {isa = PBXBuildFile; fileRef = 33108DF61A61F03A00E80745 /* SplashScreen.cpp */; };
		33108DFE1A61F4AA00E80745 /* MainMenu.cpp in Sources */ = {isa = PBXBuildFile; fileRef = 33108DFC1A61F4AA00E80745 /* MainMenu.cpp */; };
		33108E001A61F6F700E80745 /* MainMenu.png in Resources */ = {isa = PBXBuildFile; fileRef = 33108DFF1A61F6F700E80745 /* MainMenu.png */; };
		33108E031A622C9700E80745 /* VisibleGameObject.cpp in Sources */ = {isa = PBXBuildFile; fileRef = 33108E011A622C9700E80745 /* VisibleGameObject.cpp */; };
		33108E091A625D6400E80745 /* PlayerChar.cpp in Sources */ = {isa = PBXBuildFile; fileRef = 33108E071A625D6400E80745 /* PlayerChar.cpp */; };
		33108E0B1A62F88100E80745 /* player.jpg in Resources */ = {isa = PBXBuildFile; fileRef = 33108E0A1A62F88100E80745 /* player.jpg */; };
		33108E0E1A62F9FF00E80745 /* GameObjectManager.cpp in Sources */ = {isa = PBXBuildFile; fileRef = 33108E0C1A62F9FF00E80745 /* GameObjectManager.cpp */; };
		33108E111A635B9500E80745 /* AIChar.cpp in Sources */ = {isa = PBXBuildFile; fileRef = 33108E0F1A635B9500E80745 /* AIChar.cpp */; };
		33108E131A635E7B00E80745 /* monster.jpg in Resources */ = {isa = PBXBuildFile; fileRef = 33108E121A635E7B00E80745 /* monster.jpg */; };
		33108E161A63619100E80745 /* AIMove.cpp in Sources */ = {isa = PBXBuildFile; fileRef = 33108E141A63619100E80745 /* AIMove.cpp */; };
		33108E191A636F2000E80745 /* MoveWalk.cpp in Sources */ = {isa = PBXBuildFile; fileRef = 33108E171A636F2000E80745 /* MoveWalk.cpp */; };
		33108E1D1A63859B00E80745 /* VectorUtil.cpp in Sources */ = {isa = PBXBuildFile; fileRef = 33108E1B1A63859B00E80745 /* VectorUtil.cpp */; };
		33108E201A64F1AE00E80745 /* EnemyChar.cpp in Sources */ = {isa = PBXBuildFile; fileRef = 33108E1E1A64F1AE00E80745 /* EnemyChar.cpp */; };
		33108E241A64F39B00E80745 /* enemy.jpg in Resources */ = {isa = PBXBuildFile; fileRef = 33108E231A64F39B00E80745 /* enemy.jpg */; };
		33108E281A6596D600E80745 /* Char.cpp in Sources */ = {isa = PBXBuildFile; fileRef = 33108E261A6596D600E80745 /* Char.cpp */; };
		3339E25A1A61E5CD001A03F2 /* ResourcePath.mm in Sources */ = {isa = PBXBuildFile; fileRef = 3339E2591A61E5CD001A03F2 /* ResourcePath.mm */; };
		3339E25D1A61E5CD001A03F2 /* main.cpp in Sources */ = {isa = PBXBuildFile; fileRef = 3339E25C1A61E5CD001A03F2 /* main.cpp */; };
		3339E2601A61E5CD001A03F2 /* SplashScreen.png in Resources */ = {isa = PBXBuildFile; fileRef = 3339E25F1A61E5CD001A03F2 /* SplashScreen.png */; };
		3339E2621A61E5CD001A03F2 /* nice_music.ogg in Resources */ = {isa = PBXBuildFile; fileRef = 3339E2611A61E5CD001A03F2 /* nice_music.ogg */; };
		3339E2641A61E5CD001A03F2 /* sansation.ttf in Resources */ = {isa = PBXBuildFile; fileRef = 3339E2631A61E5CD001A03F2 /* sansation.ttf */; };
		3339E2661A61E5CD001A03F2 /* icon.png in Resources */ = {isa = PBXBuildFile; fileRef = 3339E2651A61E5CD001A03F2 /* icon.png */; };
		33B022FF1DAB07E0004E1CA4 /* ActiveObject.cpp in Sources */ = {isa = PBXBuildFile; fileRef = 33B022FD1DAB07E0004E1CA4 /* ActiveObject.cpp */; };
/* End PBXBuildFile section */

/* Begin PBXFileReference section */
		33108DF01A61EC8500E80745 /* Game.cpp */ = {isa = PBXFileReference; fileEncoding = 4; lastKnownFileType = sourcecode.cpp.cpp; path = Game.cpp; sourceTree = "<group>"; };
		33108DF11A61EC8500E80745 /* Game.h */ = {isa = PBXFileReference; fileEncoding = 4; lastKnownFileType = sourcecode.c.h; path = Game.h; sourceTree = "<group>"; };
		33108DF31A61ED0200E80745 /* stdafx.cpp */ = {isa = PBXFileReference; fileEncoding = 4; lastKnownFileType = sourcecode.cpp.cpp; path = stdafx.cpp; sourceTree = "<group>"; };
		33108DF41A61ED0200E80745 /* stdafx.h */ = {isa = PBXFileReference; fileEncoding = 4; lastKnownFileType = sourcecode.c.h; path = stdafx.h; sourceTree = "<group>"; };
		33108DF61A61F03A00E80745 /* SplashScreen.cpp */ = {isa = PBXFileReference; fileEncoding = 4; lastKnownFileType = sourcecode.cpp.cpp; path = SplashScreen.cpp; sourceTree = "<group>"; };
		33108DF71A61F03A00E80745 /* SplashScreen.h */ = {isa = PBXFileReference; fileEncoding = 4; lastKnownFileType = sourcecode.c.h; path = SplashScreen.h; sourceTree = "<group>"; };
		33108DFC1A61F4AA00E80745 /* MainMenu.cpp */ = {isa = PBXFileReference; fileEncoding = 4; lastKnownFileType = sourcecode.cpp.cpp; path = MainMenu.cpp; sourceTree = "<group>"; };
		33108DFD1A61F4AA00E80745 /* MainMenu.h */ = {isa = PBXFileReference; fileEncoding = 4; lastKnownFileType = sourcecode.c.h; path = MainMenu.h; sourceTree = "<group>"; };
		33108DFF1A61F6F700E80745 /* MainMenu.png */ = {isa = PBXFileReference; lastKnownFileType = image.png; path = MainMenu.png; sourceTree = "<group>"; };
		33108E011A622C9700E80745 /* VisibleGameObject.cpp */ = {isa = PBXFileReference; fileEncoding = 4; lastKnownFileType = sourcecode.cpp.cpp; path = VisibleGameObject.cpp; sourceTree = "<group>"; };
		33108E021A622C9700E80745 /* VisibleGameObject.h */ = {isa = PBXFileReference; fileEncoding = 4; lastKnownFileType = sourcecode.c.h; path = VisibleGameObject.h; sourceTree = "<group>"; };
		33108E071A625D6400E80745 /* PlayerChar.cpp */ = {isa = PBXFileReference; fileEncoding = 4; lastKnownFileType = sourcecode.cpp.cpp; path = PlayerChar.cpp; sourceTree = "<group>"; };
		33108E081A625D6400E80745 /* PlayerChar.h */ = {isa = PBXFileReference; fileEncoding = 4; lastKnownFileType = sourcecode.c.h; path = PlayerChar.h; sourceTree = "<group>"; };
		33108E0A1A62F88100E80745 /* player.jpg */ = {isa = PBXFileReference; lastKnownFileType = image.jpeg; path = player.jpg; sourceTree = "<group>"; };
		33108E0C1A62F9FF00E80745 /* GameObjectManager.cpp */ = {isa = PBXFileReference; fileEncoding = 4; lastKnownFileType = sourcecode.cpp.cpp; path = GameObjectManager.cpp; sourceTree = "<group>"; };
		33108E0D1A62F9FF00E80745 /* GameObjectManager.h */ = {isa = PBXFileReference; fileEncoding = 4; lastKnownFileType = sourcecode.c.h; path = GameObjectManager.h; sourceTree = "<group>"; };
		33108E0F1A635B9500E80745 /* AIChar.cpp */ = {isa = PBXFileReference; fileEncoding = 4; lastKnownFileType = sourcecode.cpp.cpp; path = AIChar.cpp; sourceTree = "<group>"; };
		33108E101A635B9500E80745 /* AIChar.h */ = {isa = PBXFileReference; fileEncoding = 4; lastKnownFileType = sourcecode.c.h; path = AIChar.h; sourceTree = "<group>"; };
		33108E121A635E7B00E80745 /* monster.jpg */ = {isa = PBXFileReference; lastKnownFileType = image.jpeg; path = monster.jpg; sourceTree = "<group>"; };
		33108E141A63619100E80745 /* AIMove.cpp */ = {isa = PBXFileReference; fileEncoding = 4; lastKnownFileType = sourcecode.cpp.cpp; path = AIMove.cpp; sourceTree = "<group>"; };
		33108E151A63619100E80745 /* AIMove.h */ = {isa = PBXFileReference; fileEncoding = 4; lastKnownFileType = sourcecode.c.h; path = AIMove.h; sourceTree = "<group>"; };
		33108E171A636F2000E80745 /* MoveWalk.cpp */ = {isa = PBXFileReference; fileEncoding = 4; lastKnownFileType = sourcecode.cpp.cpp; path = MoveWalk.cpp; sourceTree = "<group>"; };
		33108E181A636F2000E80745 /* MoveWalk.h */ = {isa = PBXFileReference; fileEncoding = 4; lastKnownFileType = sourcecode.c.h; path = MoveWalk.h; sourceTree = "<group>"; };
		33108E1B1A63859B00E80745 /* VectorUtil.cpp */ = {isa = PBXFileReference; fileEncoding = 4; lastKnownFileType = sourcecode.cpp.cpp; path = VectorUtil.cpp; sourceTree = "<group>"; };
		33108E1C1A63859B00E80745 /* VectorUtil.h */ = {isa = PBXFileReference; fileEncoding = 4; lastKnownFileType = sourcecode.c.h; path = VectorUtil.h; sourceTree = "<group>"; };
		33108E1E1A64F1AE00E80745 /* EnemyChar.cpp */ = {isa = PBXFileReference; fileEncoding = 4; lastKnownFileType = sourcecode.cpp.cpp; path = EnemyChar.cpp; sourceTree = "<group>"; usesTabs = 0; };
		33108E1F1A64F1AE00E80745 /* EnemyChar.h */ = {isa = PBXFileReference; fileEncoding = 4; lastKnownFileType = sourcecode.c.h; path = EnemyChar.h; sourceTree = "<group>"; };
		33108E231A64F39B00E80745 /* enemy.jpg */ = {isa = PBXFileReference; lastKnownFileType = image.jpeg; path = enemy.jpg; sourceTree = "<group>"; };
		33108E261A6596D600E80745 /* Char.cpp */ = {isa = PBXFileReference; fileEncoding = 4; lastKnownFileType = sourcecode.cpp.cpp; path = Char.cpp; sourceTree = "<group>"; };
		33108E271A6596D600E80745 /* Char.h */ = {isa = PBXFileReference; fileEncoding = 4; lastKnownFileType = sourcecode.c.h; path = Char.h; sourceTree = "<group>"; };
		3339E2541A61E5CD001A03F2 /* surviveTheWinter.app */ = {isa = PBXFileReference; explicitFileType = wrapper.application; includeInIndex = 0; path = surviveTheWinter.app; sourceTree = BUILT_PRODUCTS_DIR; };
		3339E2581A61E5CD001A03F2 /* surviveTheWinter-Info.plist */ = {isa = PBXFileReference; lastKnownFileType = text.plist.xml; path = "surviveTheWinter-Info.plist"; sourceTree = "<group>"; };
		3339E2591A61E5CD001A03F2 /* ResourcePath.mm */ = {isa = PBXFileReference; lastKnownFileType = sourcecode.cpp.objcpp; path = ResourcePath.mm; sourceTree = "<group>"; };
		3339E25B1A61E5CD001A03F2 /* ResourcePath.hpp */ = {isa = PBXFileReference; lastKnownFileType = sourcecode.cpp.h; path = ResourcePath.hpp; sourceTree = "<group>"; };
		3339E25C1A61E5CD001A03F2 /* main.cpp */ = {isa = PBXFileReference; lastKnownFileType = sourcecode.cpp.cpp; path = main.cpp; sourceTree = "<group>"; };
		3339E25F1A61E5CD001A03F2 /* SplashScreen.png */ = {isa = PBXFileReference; lastKnownFileType = image.png; path = SplashScreen.png; sourceTree = "<group>"; };
		3339E2611A61E5CD001A03F2 /* nice_music.ogg */ = {isa = PBXFileReference; lastKnownFileType = file; path = nice_music.ogg; sourceTree = "<group>"; };
		3339E2631A61E5CD001A03F2 /* sansation.ttf */ = {isa = PBXFileReference; lastKnownFileType = file; path = sansation.ttf; sourceTree = "<group>"; };
		3339E2651A61E5CD001A03F2 /* icon.png */ = {isa = PBXFileReference; lastKnownFileType = image.png; path = icon.png; sourceTree = "<group>"; };
		33B022FD1DAB07E0004E1CA4 /* ActiveObject.cpp */ = {isa = PBXFileReference; fileEncoding = 4; lastKnownFileType = sourcecode.cpp.cpp; path = ActiveObject.cpp; sourceTree = "<group>"; };
		33B022FE1DAB07E0004E1CA4 /* ActiveObject.h */ = {isa = PBXFileReference; fileEncoding = 4; lastKnownFileType = sourcecode.c.h; path = ActiveObject.h; sourceTree = "<group>"; };
/* End PBXFileReference section */

/* Begin PBXFrameworksBuildPhase section */
		3339E2501A61E5CD001A03F2 /* Frameworks */ = {
			isa = PBXFrameworksBuildPhase;
			buildActionMask = 2147483647;
			files = (
			);
			runOnlyForDeploymentPostprocessing = 0;
		};
/* End PBXFrameworksBuildPhase section */

/* Begin PBXGroup section */
		3339E24A1A61E5CD001A03F2 = {
			isa = PBXGroup;
			children = (
				3339E2561A61E5CD001A03F2 /* surviveTheWinter */,
				3339E2551A61E5CD001A03F2 /* Products */,
			);
			sourceTree = "<group>";
		};
		3339E2551A61E5CD001A03F2 /* Products */ = {
			isa = PBXGroup;
			children = (
				3339E2541A61E5CD001A03F2 /* surviveTheWinter.app */,
			);
			name = Products;
			sourceTree = "<group>";
		};
		3339E2561A61E5CD001A03F2 /* surviveTheWinter */ = {
			isa = PBXGroup;
			children = (
				3339E2591A61E5CD001A03F2 /* ResourcePath.mm */,
				3339E25B1A61E5CD001A03F2 /* ResourcePath.hpp */,
				3339E25C1A61E5CD001A03F2 /* main.cpp */,
				3339E25E1A61E5CD001A03F2 /* Resources */,
				3339E2571A61E5CD001A03F2 /* Supporting Files */,
				33108DF01A61EC8500E80745 /* Game.cpp */,
				33108DF11A61EC8500E80745 /* Game.h */,
				33B022FD1DAB07E0004E1CA4 /* ActiveObject.cpp */,
				33B022FE1DAB07E0004E1CA4 /* ActiveObject.h */,
				33108DF31A61ED0200E80745 /* stdafx.cpp */,
				33108DF41A61ED0200E80745 /* stdafx.h */,
				33108DF61A61F03A00E80745 /* SplashScreen.cpp */,
				33108DF71A61F03A00E80745 /* SplashScreen.h */,
				33108DFC1A61F4AA00E80745 /* MainMenu.cpp */,
				33108DFD1A61F4AA00E80745 /* MainMenu.h */,
				33108E011A622C9700E80745 /* VisibleGameObject.cpp */,
				33108E021A622C9700E80745 /* VisibleGameObject.h */,
				33108E071A625D6400E80745 /* PlayerChar.cpp */,
				33108E081A625D6400E80745 /* PlayerChar.h */,
				33108E0C1A62F9FF00E80745 /* GameObjectManager.cpp */,
				33108E0D1A62F9FF00E80745 /* GameObjectManager.h */,
				33108E0F1A635B9500E80745 /* AIChar.cpp */,
				33108E101A635B9500E80745 /* AIChar.h */,
				33108E141A63619100E80745 /* AIMove.cpp */,
				33108E151A63619100E80745 /* AIMove.h */,
				33108E171A636F2000E80745 /* MoveWalk.cpp */,
				33108E181A636F2000E80745 /* MoveWalk.h */,
				33108E1B1A63859B00E80745 /* VectorUtil.cpp */,
				33108E1C1A63859B00E80745 /* VectorUtil.h */,
				33108E1E1A64F1AE00E80745 /* EnemyChar.cpp */,
				33108E1F1A64F1AE00E80745 /* EnemyChar.h */,
				33108E261A6596D600E80745 /* Char.cpp */,
				33108E271A6596D600E80745 /* Char.h */,
			);
			path = surviveTheWinter;
			sourceTree = "<group>";
		};
		3339E2571A61E5CD001A03F2 /* Supporting Files */ = {
			isa = PBXGroup;
			children = (
				3339E2581A61E5CD001A03F2 /* surviveTheWinter-Info.plist */,
			);
			name = "Supporting Files";
			sourceTree = "<group>";
		};
		3339E25E1A61E5CD001A03F2 /* Resources */ = {
			isa = PBXGroup;
			children = (
				33108E231A64F39B00E80745 /* enemy.jpg */,
				33108E121A635E7B00E80745 /* monster.jpg */,
				33108E0A1A62F88100E80745 /* player.jpg */,
				33108DFF1A61F6F700E80745 /* MainMenu.png */,
				3339E25F1A61E5CD001A03F2 /* SplashScreen.png */,
				3339E2611A61E5CD001A03F2 /* nice_music.ogg */,
				3339E2631A61E5CD001A03F2 /* sansation.ttf */,
				3339E2651A61E5CD001A03F2 /* icon.png */,
			);
			name = Resources;
			sourceTree = "<group>";
		};
/* End PBXGroup section */

/* Begin PBXNativeTarget section */
		3339E2531A61E5CD001A03F2 /* surviveTheWinter */ = {
			isa = PBXNativeTarget;
			buildConfigurationList = 3339E2691A61E5CD001A03F2 /* Build configuration list for PBXNativeTarget "surviveTheWinter" */;
			buildPhases = (
				3339E24F1A61E5CD001A03F2 /* Sources */,
				3339E2501A61E5CD001A03F2 /* Frameworks */,
				3339E2511A61E5CD001A03F2 /* Resources */,
				3339E2521A61E5CD001A03F2 /* ShellScript */,
			);
			buildRules = (
			);
			dependencies = (
			);
			name = surviveTheWinter;
			productName = surviveTheWinter;
			productReference = 3339E2541A61E5CD001A03F2 /* surviveTheWinter.app */;
			productType = "com.apple.product-type.application";
		};
/* End PBXNativeTarget section */

/* Begin PBXProject section */
		3339E24B1A61E5CD001A03F2 /* Project object */ = {
			isa = PBXProject;
			attributes = {
				LastUpgradeCheck = 0610;
				ORGANIZATIONNAME = "David Stuck";
			};
			buildConfigurationList = 3339E24E1A61E5CD001A03F2 /* Build configuration list for PBXProject "surviveTheWinter" */;
			compatibilityVersion = "Xcode 3.2";
			developmentRegion = English;
			hasScannedForEncodings = 0;
			knownRegions = (
				en,
			);
			mainGroup = 3339E24A1A61E5CD001A03F2;
			productRefGroup = 3339E2551A61E5CD001A03F2 /* Products */;
			projectDirPath = "";
			projectRoot = "";
			targets = (
				3339E2531A61E5CD001A03F2 /* surviveTheWinter */,
			);
		};
/* End PBXProject section */

/* Begin PBXResourcesBuildPhase section */
		3339E2511A61E5CD001A03F2 /* Resources */ = {
			isa = PBXResourcesBuildPhase;
			buildActionMask = 2147483647;
			files = (
				3339E2661A61E5CD001A03F2 /* icon.png in Resources */,
				3339E2641A61E5CD001A03F2 /* sansation.ttf in Resources */,
				3339E2621A61E5CD001A03F2 /* nice_music.ogg in Resources */,
				3339E2601A61E5CD001A03F2 /* SplashScreen.png in Resources */,
				33108E0B1A62F88100E80745 /* player.jpg in Resources */,
				33108E131A635E7B00E80745 /* monster.jpg in Resources */,
				33108E241A64F39B00E80745 /* enemy.jpg in Resources */,
				33108E001A61F6F700E80745 /* MainMenu.png in Resources */,
			);
			runOnlyForDeploymentPostprocessing = 0;
		};
/* End PBXResourcesBuildPhase section */

/* Begin PBXShellScriptBuildPhase section */
		3339E2521A61E5CD001A03F2 /* ShellScript */ = {
			isa = PBXShellScriptBuildPhase;
			buildActionMask = 2147483647;
			files = (
			);
			inputPaths = (
			);
			outputPaths = (
			);
			runOnlyForDeploymentPostprocessing = 0;
			shellPath = /bin/sh;
			shellScript = "# This shell script simply copies required SFML dylibs/frameworks into the application bundle frameworks folder.\n# If you're using static libraries (which is not recommended) you should remove this script from your project.\n\n# Are we building a project that uses frameworks or dylibs?\ncase \"$SFML_BINARY_TYPE\" in\n    DYLIBS)\n        frameworks=\"false\"\n        ;;\n    *)\n        frameworks=\"true\"\n        ;;\nesac\n\n# Echoes to stderr\nerror () # $* message to display\n{\n    echo $* 1>&2\n    exit 2\n}\n\nassert () # $1 is a boolean, $2...N is an error message\n{\n    if [ $# -lt 2 ]\n    then\n        error \"Internal error in assert : not enough args\"\n    fi\n\n    if [ $1 -ne 0 ]\n    then\n        shift\n        error \"$*\"\n    fi\n}\n\nforce_remove () # $@ is some paths\n{\n    test $# -ge 1\n    assert $? \"force_remove() requires at least one parameter\"\n    rm -fr $@\n    assert $? \"couldn't remove $@\"\n}\n\ncopy () # $1 is a source, $2 is a destination\n{\n    test $# -eq 2\n    assert $? \"copy() requires two parameters\"\n    ditto \"$1\" \"$2\"\n    assert $? \"couldn't copy $1 to $2\"\n}\n\nrequire () # $1 is a SFML module like 'system' or 'audio'\n{\n    dest=\"$BUILT_PRODUCTS_DIR/$PRODUCT_NAME.app/Contents/Frameworks\"\n\n    if [ -z \"$1\" ]\n    then\n        error \"require() requires one parameter!\"\n    else\n        # clean potentially old stuff\n        force_remove \"$dest/libsfml-$1\"*\n        force_remove \"$dest/sfml-$1.framework\"\n\n        # copy SFML libraries\n        if [ \"$frameworks\" = \"true\" ]\n        then\n            source=\"/Library/Frameworks/sfml-$1.framework\"\n            target=\"sfml-$1.framework\"\n        elif [ \"$SFML_LINK_DYLIBS_SUFFIX\" = \"-d\" ]\n        then\n            source=\"/usr/local/lib/libsfml-$1-d.dylib\"\n            target=\"`readlink $source`\"\n        else\n            source=\"/usr/local/lib/libsfml-$1.dylib\"\n            target=\"`readlink $source`\"\n        fi\n\n        copy \"$source\" \"$dest/$target\"\n\n        # copy extra dependencies\n        if [ \"$1\" = \"audio\" ]\n        then\n            # copy sndfile framework too\n            copy \"/Library/Frameworks/sndfile.framework\" \"$dest/sndfile.framework\"\n        elif [ \"$1\" = \"graphics\" ]\n        then\n            # copy freetype framework too\n            copy \"/Library/Frameworks/freetype.framework\" \"$dest/freetype.framework\"\n        fi\n    fi\n}\n\nif [ -n \"$SFML_SYSTEM\" ]\nthen\n    require \"system\"\nfi\n\nif [ -n \"$SFML_AUDIO\" ]\nthen\n    require \"audio\"\nfi\n\nif [ -n \"$SFML_NETWORK\" ]\nthen\n    require \"network\"\nfi\n\nif [ -n \"$SFML_WINDOW\" ]\nthen\n    require \"window\"\nfi\n\nif [ -n \"$SFML_GRAPHICS\" ]\nthen\n    require \"graphics\"\nfi\n\n                ";
		};
/* End PBXShellScriptBuildPhase section */

/* Begin PBXSourcesBuildPhase section */
		3339E24F1A61E5CD001A03F2 /* Sources */ = {
			isa = PBXSourcesBuildPhase;
			buildActionMask = 2147483647;
			files = (
				33108DF21A61EC8500E80745 /* Game.cpp in Sources */,
				33108DFE1A61F4AA00E80745 /* MainMenu.cpp in Sources */,
				33108E201A64F1AE00E80745 /* EnemyChar.cpp in Sources */,
				33108E091A625D6400E80745 /* PlayerChar.cpp in Sources */,
				33B022FF1DAB07E0004E1CA4 /* ActiveObject.cpp in Sources */,
				33108E111A635B9500E80745 /* AIChar.cpp in Sources */,
				33108DF51A61ED0200E80745 /* stdafx.cpp in Sources */,
				33108E161A63619100E80745 /* AIMove.cpp in Sources */,
				3339E25D1A61E5CD001A03F2 /* main.cpp in Sources */,
				3339E25A1A61E5CD001A03F2 /* ResourcePath.mm in Sources */,
				33108E281A6596D600E80745 /* Char.cpp in Sources */,
				33108E031A622C9700E80745 /* VisibleGameObject.cpp in Sources */,
				33108DF81A61F03A00E80745 /* SplashScreen.cpp in Sources */,
				33108E0E1A62F9FF00E80745 /* GameObjectManager.cpp in Sources */,
				33108E191A636F2000E80745 /* MoveWalk.cpp in Sources */,
				33108E1D1A63859B00E80745 /* VectorUtil.cpp in Sources */,
			);
			runOnlyForDeploymentPostprocessing = 0;
		};
/* End PBXSourcesBuildPhase section */

/* Begin XCBuildConfiguration section */
		3339E2671A61E5CD001A03F2 /* Debug */ = {
			isa = XCBuildConfiguration;
			buildSettings = {
				CLANG_CXX_LANGUAGE_STANDARD = "c++0x";
				CLANG_CXX_LIBRARY = "libc++";
				CLANG_WARN_BOOL_CONVERSION = YES;
				CLANG_WARN_CONSTANT_CONVERSION = YES;
				CLANG_WARN_EMPTY_BODY = YES;
				CLANG_WARN_ENUM_CONVERSION = YES;
				CLANG_WARN_INT_CONVERSION = YES;
				CLANG_WARN_UNREACHABLE_CODE = YES;
				CLANG_WARN__DUPLICATE_METHOD_MATCH = YES;
				ENABLE_STRICT_OBJC_MSGSEND = YES;
				FRAMEWORK_SEARCH_PATHS = (
					/Library/Frameworks/,
					"$(inherited)",
				);
				GCC_VERSION = com.apple.compilers.llvm.clang.1_0;
				GCC_WARN_64_TO_32_BIT_CONVERSION = YES;
				GCC_WARN_ABOUT_RETURN_TYPE = YES;
				GCC_WARN_UNDECLARED_SELECTOR = YES;
				GCC_WARN_UNINITIALIZED_AUTOS = YES;
				GCC_WARN_UNUSED_FUNCTION = YES;
				GCC_WARN_UNUSED_VARIABLE = YES;
				HEADER_SEARCH_PATHS = (
					/usr/local/include/,
					"$(inherited)",
				);
				LIBRARY_SEARCH_PATHS = (
					/usr/local/lib/,
					"$(inherited)",
				);
				MACOSX_DEPLOYMENT_TARGET = 10.7;
				ONLY_ACTIVE_ARCH = YES;
				OTHER_LDFLAGS = (
					"$(inherited)",
					"$(SFML_SYSTEM)",
					"$(SFML_WINDOW)",
					"$(SFML_GRAPHICS)",
					"$(SFML_AUDIO)",
					"$(SFML_NETWORK)",
				);
				SFML_AUDIO = "$(SFML_LINK_PREFIX) sfml-audio$(SFML_LINK_SUFFIX)";
				SFML_BINARY_TYPE = FRAMEWORKS;
				SFML_GRAPHICS = "$(SFML_LINK_PREFIX) sfml-graphics$(SFML_LINK_SUFFIX)";
				SFML_LINK_DYLIBS_PREFIX = "-l";
				SFML_LINK_DYLIBS_SUFFIX = "";
				SFML_LINK_FRAMEWORKS_PREFIX = "-framework";
				SFML_LINK_FRAMEWORKS_SUFFIX = "";
				SFML_LINK_PREFIX = "$(SFML_LINK_$(SFML_BINARY_TYPE)_PREFIX)";
				SFML_LINK_SUFFIX = "$(SFML_LINK_$(SFML_BINARY_TYPE)_SUFFIX)";
				SFML_NETWORK = "$(SFML_LINK_PREFIX) sfml-network$(SFML_LINK_SUFFIX)";
				SFML_SYSTEM = "$(SFML_LINK_PREFIX) sfml-system$(SFML_LINK_SUFFIX)";
				SFML_WINDOW = "$(SFML_LINK_PREFIX) sfml-window$(SFML_LINK_SUFFIX)";
				SUPPORTED_PLATFORMS = macosx;
			};
			name = Debug;
		};
		3339E2681A61E5CD001A03F2 /* Release */ = {
			isa = XCBuildConfiguration;
			buildSettings = {
				CLANG_CXX_LANGUAGE_STANDARD = "c++0x";
				CLANG_CXX_LIBRARY = "libc++";
				CLANG_WARN_BOOL_CONVERSION = YES;
				CLANG_WARN_CONSTANT_CONVERSION = YES;
				CLANG_WARN_EMPTY_BODY = YES;
				CLANG_WARN_ENUM_CONVERSION = YES;
				CLANG_WARN_INT_CONVERSION = YES;
				CLANG_WARN_UNREACHABLE_CODE = YES;
				CLANG_WARN__DUPLICATE_METHOD_MATCH = YES;
				ENABLE_STRICT_OBJC_MSGSEND = YES;
				FRAMEWORK_SEARCH_PATHS = (
					/Library/Frameworks/,
					"$(inherited)",
				);
				GCC_VERSION = com.apple.compilers.llvm.clang.1_0;
				GCC_WARN_64_TO_32_BIT_CONVERSION = YES;
				GCC_WARN_ABOUT_RETURN_TYPE = YES;
				GCC_WARN_UNDECLARED_SELECTOR = YES;
				GCC_WARN_UNINITIALIZED_AUTOS = YES;
				GCC_WARN_UNUSED_FUNCTION = YES;
				GCC_WARN_UNUSED_VARIABLE = YES;
				HEADER_SEARCH_PATHS = (
					/usr/local/include/,
					"$(inherited)",
				);
				LIBRARY_SEARCH_PATHS = (
					/usr/local/lib/,
					"$(inherited)",
				);
				MACOSX_DEPLOYMENT_TARGET = 10.7;
				OTHER_LDFLAGS = (
					"$(inherited)",
					"$(SFML_SYSTEM)",
					"$(SFML_WINDOW)",
					"$(SFML_GRAPHICS)",
					"$(SFML_AUDIO)",
					"$(SFML_NETWORK)",
				);
				SFML_AUDIO = "$(SFML_LINK_PREFIX) sfml-audio$(SFML_LINK_SUFFIX)";
				SFML_BINARY_TYPE = FRAMEWORKS;
				SFML_GRAPHICS = "$(SFML_LINK_PREFIX) sfml-graphics$(SFML_LINK_SUFFIX)";
				SFML_LINK_DYLIBS_PREFIX = "-l";
				SFML_LINK_DYLIBS_SUFFIX = "";
				SFML_LINK_FRAMEWORKS_PREFIX = "-framework";
				SFML_LINK_FRAMEWORKS_SUFFIX = "";
				SFML_LINK_PREFIX = "$(SFML_LINK_$(SFML_BINARY_TYPE)_PREFIX)";
				SFML_LINK_SUFFIX = "$(SFML_LINK_$(SFML_BINARY_TYPE)_SUFFIX)";
				SFML_NETWORK = "$(SFML_LINK_PREFIX) sfml-network$(SFML_LINK_SUFFIX)";
				SFML_SYSTEM = "$(SFML_LINK_PREFIX) sfml-system$(SFML_LINK_SUFFIX)";
				SFML_WINDOW = "$(SFML_LINK_PREFIX) sfml-window$(SFML_LINK_SUFFIX)";
				SUPPORTED_PLATFORMS = macosx;
			};
			name = Release;
		};
		3339E26A1A61E5CD001A03F2 /* Debug */ = {
			isa = XCBuildConfiguration;
			buildSettings = {
				COMBINE_HIDPI_IMAGES = YES;
				INFOPLIST_FILE = "surviveTheWinter/surviveTheWinter-Info.plist";
				LD_RUNPATH_SEARCH_PATHS = "@loader_path/../Frameworks";
				PRODUCT_NAME = "$(TARGET_NAME)";
			};
			name = Debug;
		};
		3339E26B1A61E5CD001A03F2 /* Release */ = {
			isa = XCBuildConfiguration;
			buildSettings = {
				COMBINE_HIDPI_IMAGES = YES;
				INFOPLIST_FILE = "surviveTheWinter/surviveTheWinter-Info.plist";
				LD_RUNPATH_SEARCH_PATHS = "@loader_path/../Frameworks";
				PRODUCT_NAME = "$(TARGET_NAME)";
			};
			name = Release;
		};
/* End XCBuildConfiguration section */

/* Begin XCConfigurationList section */
		3339E24E1A61E5CD001A03F2 /* Build configuration list for PBXProject "surviveTheWinter" */ = {
			isa = XCConfigurationList;
			buildConfigurations = (
				3339E2671A61E5CD001A03F2 /* Debug */,
				3339E2681A61E5CD001A03F2 /* Release */,
			);
			defaultConfigurationIsVisible = 0;
			defaultConfigurationName = Release;
		};
		3339E2691A61E5CD001A03F2 /* Build configuration list for PBXNativeTarget "surviveTheWinter" */ = {
			isa = XCConfigurationList;
			buildConfigurations = (
				3339E26A1A61E5CD001A03F2 /* Debug */,
				3339E26B1A61E5CD001A03F2 /* Release */,
			);
			defaultConfigurationIsVisible = 0;
			defaultConfigurationName = Release;
		};
/* End XCConfigurationList section */
	};
	rootObject = 3339E24B1A61E5CD001A03F2 /* Project object */;
}
